{
  "name": "social_net",
  "version": "1.0.0",
  "lockfileVersion": 3,
  "requires": true,
  "packages": {
    "": {
      "name": "social_net",
      "version": "1.0.0",
      "license": "ISC",
      "dependencies": {
        "ajax": "^0.0.4",
        "node": "^25.1.0"
      }
    },
    "node_modules/ajax": {
      "version": "0.0.4",
      "resolved": "https://registry.npmjs.org/ajax/-/ajax-0.0.4.tgz",
      "integrity": "sha512-IEgdnz67DKuv2i8AnytAYtD+sGNTpSlXcwQsZbKWVqdC/O7cuXN0GfwCuhi19fyhpD0Gl22T5amxd2unqj0FAQ==",
      "dependencies": {
        "underscore": ""
      },
      "engines": {
        "node": ">=0.4.0"
      }
    },
    "node_modules/node": {
      "version": "25.1.0",
      "resolved": "https://registry.npmjs.org/node/-/node-25.1.0.tgz",
      "integrity": "sha512-nYC3Zsz3ZQHGbBQrU8OAf63Qwhgptf352vQLGXVES2dL22QRrwjGzkuGS+C4FJ1b0awisMEe2tuPU87MDwj61A==",
      "hasInstallScript": true,
      "license": "MIT",
      "dependencies": {
        "node-bin-setup": "^1.0.0"
      },
      "bin": {
        "node": "bin/node"
      },
      "engines": {
        "npm": ">=5.0.0"
      }
    },
    "node_modules/node-bin-setup": {
      "version": "1.1.4",
      "resolved": "https://registry.npmjs.org/node-bin-setup/-/node-bin-setup-1.1.4.tgz",
      "integrity": "sha512-vWNHOne0ZUavArqPP5LJta50+S8R261Fr5SvGul37HbEDcowvLjwdvd0ZeSr0r2lTSrPxl6okq9QUw8BFGiAxA==",
      "license": "ISC"
    },
    "node_modules/underscore": {
      "version": "1.13.7",
      "resolved": "https://registry.npmjs.org/underscore/-/underscore-1.13.7.tgz",
      "integrity": "sha512-GMXzWtsc57XAtguZgaQViUOzs0KTkk8ojr3/xAxXLITqf/3EMwxC0inyETfDFjH/Krbhuep0HNbbjI9i/q3F3g==",
      "license": "MIT"
    }
  }
}
